<?xml version="1.0" encoding="utf-8"?>
<Project ToolsVersion="4.0" xmlns="http://schemas.microsoft.com/developer/msbuild/2003">
  <ItemGroup>
    <Filter Include="공용">
      <UniqueIdentifier>102ba7d9-d74a-4ae5-a65a-07b1eaa8dcff</UniqueIdentifier>
    </Filter>
    <Filter Include="자산">
      <UniqueIdentifier>1aed47a6-a448-484f-83f2-d0d3e8efd7d1</UniqueIdentifier>
      <Extensions>bmp;fbx;gif;jpg;jpeg;tga;tiff;tif;png</Extensions>
    </Filter>
    <Filter Include="내용">
      <UniqueIdentifier>0e89acce-4932-4456-ad79-2e91407fb2e9</UniqueIdentifier>
    </Filter>
    <ClInclude Include="Common\DirectXHelper.h">
      <Filter>공용</Filter>
    </ClInclude>
    <ClInclude Include="Common\StepTimer.h">
      <Filter>공용</Filter>
    </ClInclude>
    <ClInclude Include="Common\DeviceResources.h">
      <Filter>공용</Filter>
    </ClInclude>
    <ClCompile Include="Common\DeviceResources.cpp">
      <Filter>공용</Filter>
    </ClCompile>
    <Image Include="Assets\LockScreenLogo.scale-200.png">
      <Filter>자산</Filter>
    </Image>
    <Image Include="Assets\SplashScreen.scale-200.png">
      <Filter>자산</Filter>
    </Image>
    <Image Include="Assets\Square150x150Logo.scale-200.png">
      <Filter>자산</Filter>
    </Image>
    <Image Include="Assets\Square44x44Logo.scale-200.png">
      <Filter>자산</Filter>
    </Image>
    <Image Include="Assets\Square44x44Logo.targetsize-24_altform-unplated.png">
      <Filter>자산</Filter>
    </Image>
    <Image Include="Assets\Wide310x150Logo.scale-200.png">
      <Filter>자산</Filter>
    </Image>
  </ItemGroup>
  <ItemGroup>
    <ClCompile Include="App.cpp" />
    <ClCompile Include="directx11Main.cpp" />
    <ClCompile Include="pch.cpp" />
    <ClCompile Include="Controller.cpp" />
    <ClCompile Include="Graphicsclass.cpp" />
  </ItemGroup>
  <ItemGroup>
    <ClInclude Include="App.h" />
    <ClInclude Include="directx11Main.h" />
    <ClInclude Include="pch.h" />
    <ClInclude Include="Controller.h" />
    <ClInclude Include="Graphicsclass.h" />
  </ItemGroup>
  <ItemGroup>
    <Image Include="Assets\StoreLogo.png">
      <Filter>자산</Filter>
    </Image>
  </ItemGroup>
  <ItemGroup>
    <AppxManifest Include="Package.appxmanifest" />
  </ItemGroup>
  <ItemGroup>
    <None Include="directx11_TemporaryKey.pfx" />
  </ItemGroup>
</Project>